
Microsoft Visual Studio Solution File, Format Version 12.00
# Visual Studio Version 16
VisualStudioVersion = 16.0.31005.135
MinimumVisualStudioVersion = 10.0.40219.1
Project("{8BC9CEB8-8B4A-11D0-8D11-00A0C91BC942}") = "Piano", "Piano.vcxproj", "{A2B91752-D78F-4DF1-BD67-CE63996F2BFD}"
EndProject
Global
	GlobalSection(SolutionConfigurationPlatforms) = preSolution
		Debug|x64 = Debug|x64
		Debug|x86 = Debug|x86
		Release|x64 = Release|x64
		Release|x86 = Release|x86
	EndGlobalSection
	GlobalSection(ProjectConfigurationPlatforms) = postSolution
		{A2B91752-D78F-4DF1-BD67-CE63996F2BFD}.Debug|x64.ActiveCfg = Debug|x64
		{A2B91752-D78F-4DF1-BD67-CE63996F2BFD}.Debug|x64.Build.0 = Debug|x64
		{A2B91752-D78F-4DF1-BD67-CE63996F2BFD}.Debug|x86.ActiveCfg = Debug|Win32
		{A2B91752-D78F-4DF1-BD67-CE63996F2BFD}.Debug|x86.Build.0 = Debug|Win32
		{A2B91752-D78F-4DF1-BD67-CE63996F2BFD}.Release|x64.ActiveCfg = Release|x64
		{A2B91752-D78F-4DF1-BD67-CE63996F2BFD}.Release|x64.Build.0 = Release|x64
		{A2B91752-D78F-4DF1-BD67-CE63996F2BFD}.Release|x86.ActiveCfg = Release|Win32
		{A2B91752-D78F-4DF1-BD67-CE63996F2BFD}.Release|x86.Build.0 = Release|Win32
	EndGlobalSection
	GlobalSection(SolutionProperties) = preSolution
		HideSolutionNode = FALSE
	EndGlobalSection
	GlobalSection(ExtensibilityGlobals) = postSolution
		SolutionGuid = {21062126-E6D3-4345-ABD9-04D1D6904DF9}
	EndGlobalSection
EndGlobal
